# THIS IS AN AUTOGENERATED FILE. DO NOT EDIT THIS FILE DIRECTLY.
# yarn lockfile v1


dexie@^4.0.11:
  version "4.0.11"
  resolved "https://registry.yarnpkg.com/dexie/-/dexie-4.0.11.tgz#010a2c82dd35d40aa9a81c8d21951bfeb487b7d6"
  integrity sha512-SOKO002EqlvBYYKQSew3iymBoN2EQ4BDw/3yprjh7kAfFzjBYkaMNa/pZvcA7HSWlcKSQb9XhPe3wKyQ0x4A8A==
