# THIS IS AN AUTOGENERATED FILE. DO NOT EDIT THIS FILE DIRECTLY.
# yarn lockfile v1


dexie@^4.0.11:
  version "4.0.11"
  resolved "https://registry.npmjs.org/dexie/-/dexie-4.0.11.tgz"
  integrity sha512-SOKO002EqlvBYYKQSew3iymBoN2EQ4BDw/3yprjh7kAfFzjBYkaMNa/pZvcA7HSWlcKSQb9XhPe3wKyQ0x4A8A==

typescript@^5.8.3:
  version "5.8.3"
  resolved "https://registry.npmjs.org/typescript/-/typescript-5.8.3.tgz"
  integrity sha512-p1diW6TqL9L07nNxvRMM7hMMw4c5XOo/1ibL4aAIGmSAt9slTE1Xgw5KWuof2uTOvCg9BY7ZRi+GaF+7sfgPeQ==
